{
  "name": "HonemengTest",
  "lockfileVersion": 2,
  "requires": true,
  "packages": {
    "": {
      "dependencies": {
        "@atomicservice/asweb-sdk": "^1.0.0"
      }
    },
    "node_modules/@atomicservice/asweb-sdk": {
      "version": "1.0.0",
      "resolved": "https://registry.npmmirror.com/@atomicservice/asweb-sdk/-/asweb-sdk-1.0.0.tgz",
      "integrity": "sha512-zSYmTXJYejRpuMzw56V9Ww6R8uYdb0u5VChZ904sefiOahllMXAmZr6LqjpbtRMSWOBL0M6r2vk9SP8irsKPyw=="
    }
  },
  "dependencies": {
    "@atomicservice/asweb-sdk": {
      "version": "1.0.0",
      "resolved": "https://registry.npmmirror.com/@atomicservice/asweb-sdk/-/asweb-sdk-1.0.0.tgz",
      "integrity": "sha512-zSYmTXJYejRpuMzw56V9Ww6R8uYdb0u5VChZ904sefiOahllMXAmZr6LqjpbtRMSWOBL0M6r2vk9SP8irsKPyw=="
    }
  }
}
